<?xml version="1.0" encoding="utf-8"?>
<Project ToolsVersion="4.0" xmlns="http://schemas.microsoft.com/developer/msbuild/2003">
  <ItemGroup>
    <Filter Include="Source Files">
      <UniqueIdentifier>{e8b3276a-dc8e-43e9-be50-e94fbc8f99a6}</UniqueIdentifier>
      <Extensions>cpp;c;cxx;rc;def;r;odl;idl;hpj;bat</Extensions>
    </Filter>
    <Filter Include="Source Files\Utils">
      <UniqueIdentifier>{0719ec08-86cd-4485-9de8-f9b52091c80f}</UniqueIdentifier>
    </Filter>
    <Filter Include="Source Files\Core">
      <UniqueIdentifier>{eb74c74f-b628-4fb8-8afe-5914be9aa801}</UniqueIdentifier>
    </Filter>
    <Filter Include="Source Files\Layout">
      <UniqueIdentifier>{9d3e5935-bf77-4ee1-81c3-b240d562a20f}</UniqueIdentifier>
    </Filter>
    <Filter Include="Source Files\Control">
      <UniqueIdentifier>{8b9485df-ca1b-4052-9870-c0df208e1481}</UniqueIdentifier>
    </Filter>
    <Filter Include="Header Files">
      <UniqueIdentifier>{65ca8181-d123-4e5a-9f71-c59201f9b135}</UniqueIdentifier>
      <Extensions>h;hpp;hxx;hm;inl</Extensions>
    </Filter>
    <Filter Include="Header Files\Utils">
      <UniqueIdentifier>{d28e6e7b-4b07-4805-975d-09572467fc3c}</UniqueIdentifier>
    </Filter>
    <Filter Include="Header Files\Core">
      <UniqueIdentifier>{1c213225-a751-496c-b5d1-907eea236962}</UniqueIdentifier>
    </Filter>
    <Filter Include="Header Files\Layout">
      <UniqueIdentifier>{d498baa9-8a49-4338-9b86-c53ce88ec911}</UniqueIdentifier>
    </Filter>
    <Filter Include="Header Files\Control">
      <UniqueIdentifier>{dc8beb1a-f5ec-4c8e-a681-a25480cdda5f}</UniqueIdentifier>
    </Filter>
    <Filter Include="Resource Files">
      <UniqueIdentifier>{9ea9d360-3790-497c-8ca3-0dee2e6ee1dd}</UniqueIdentifier>
      <Extensions>ico;cur;bmp;dlg;rc2;rct;bin;rgs;gif;jpg;jpeg;jpe</Extensions>
    </Filter>
  </ItemGroup>
  <ItemGroup>
    <ClCompile Include="StdAfx.cpp">
      <Filter>Source Files</Filter>
    </ClCompile>
    <ClCompile Include="UIlib.cpp">
      <Filter>Source Files</Filter>
    </ClCompile>
    <ClCompile Include="Utils\WinImplBase.cpp">
      <Filter>Source Files</Filter>
    </ClCompile>
    <ClCompile Include="Utils\stb_image.c">
      <Filter>Source Files\Utils</Filter>
    </ClCompile>
    <ClCompile Include="Utils\UIDelegate.cpp">
      <Filter>Source Files\Utils</Filter>
    </ClCompile>
    <ClCompile Include="Utils\Utils.cpp">
      <Filter>Source Files\Utils</Filter>
    </ClCompile>
    <ClCompile Include="Utils\XUnzip.cpp">
      <Filter>Source Files\Utils</Filter>
    </ClCompile>
    <ClCompile Include="Core\UIBase.cpp">
      <Filter>Source Files\Core</Filter>
    </ClCompile>
    <ClCompile Include="Core\UIContainer.cpp">
      <Filter>Source Files\Core</Filter>
    </ClCompile>
    <ClCompile Include="Core\UIControl.cpp">
      <Filter>Source Files\Core</Filter>
    </ClCompile>
    <ClCompile Include="Core\UIDlgBuilder.cpp">
      <Filter>Source Files\Core</Filter>
    </ClCompile>
    <ClCompile Include="Core\UIManager.cpp">
      <Filter>Source Files\Core</Filter>
    </ClCompile>
    <ClCompile Include="Core\UIMarkup.cpp">
      <Filter>Source Files\Core</Filter>
    </ClCompile>
    <ClCompile Include="Core\UIRender.cpp">
      <Filter>Source Files\Core</Filter>
    </ClCompile>
    <ClCompile Include="Layout\UIChildLayout.cpp">
      <Filter>Source Files\Layout</Filter>
    </ClCompile>
    <ClCompile Include="Layout\UIHorizontalLayout.cpp">
      <Filter>Source Files\Layout</Filter>
    </ClCompile>
    <ClCompile Include="Layout\UITabLayout.cpp">
      <Filter>Source Files\Layout</Filter>
    </ClCompile>
    <ClCompile Include="Layout\UITileLayout.cpp">
      <Filter>Source Files\Layout</Filter>
    </ClCompile>
    <ClCompile Include="Layout\UIVerticalLayout.cpp">
      <Filter>Source Files\Layout</Filter>
    </ClCompile>
    <ClCompile Include="Control\UIActiveX.cpp">
      <Filter>Source Files\Control</Filter>
    </ClCompile>
    <ClCompile Include="Control\UIButton.cpp">
      <Filter>Source Files\Control</Filter>
    </ClCompile>
    <ClCompile Include="Control\UICheckBox.cpp">
      <Filter>Source Files\Control</Filter>
    </ClCompile>
    <ClCompile Include="Control\UICombo.cpp">
      <Filter>Source Files\Control</Filter>
    </ClCompile>
    <ClCompile Include="Control\UIComboBox.cpp">
      <Filter>Source Files\Control</Filter>
    </ClCompile>
    <ClCompile Include="Control\UIDateTime.cpp">
      <Filter>Source Files\Control</Filter>
    </ClCompile>
    <ClCompile Include="Control\UIEdit.cpp">
      <Filter>Source Files\Control</Filter>
    </ClCompile>
    <ClCompile Include="Control\UILabel.cpp">
      <Filter>Source Files\Control</Filter>
    </ClCompile>
    <ClCompile Include="Control\UIList.cpp">
      <Filter>Source Files\Control</Filter>
    </ClCompile>
    <ClCompile Include="Control\UIOption.cpp">
      <Filter>Source Files\Control</Filter>
    </ClCompile>
    <ClCompile Include="Control\UIProgress.cpp">
      <Filter>Source Files\Control</Filter>
    </ClCompile>
    <ClCompile Include="Control\UIRichEdit.cpp">
      <Filter>Source Files\Control</Filter>
    </ClCompile>
    <ClCompile Include="Control\UIScrollBar.cpp">
      <Filter>Source Files\Control</Filter>
    </ClCompile>
    <ClCompile Include="Control\UISlider.cpp">
      <Filter>Source Files\Control</Filter>
    </ClCompile>
    <ClCompile Include="Control\UIText.cpp">
      <Filter>Source Files\Control</Filter>
    </ClCompile>
    <ClCompile Include="Control\UITreeView.cpp">
      <Filter>Source Files\Control</Filter>
    </ClCompile>
    <ClCompile Include="Control\UIWebBrowser.cpp">
      <Filter>Source Files\Control</Filter>
    </ClCompile>
  </ItemGroup>
  <ItemGroup>
    <ClInclude Include="StdAfx.h">
      <Filter>Header Files</Filter>
    </ClInclude>
    <ClInclude Include="UIlib.h">
      <Filter>Header Files</Filter>
    </ClInclude>
    <ClInclude Include="Utils\downloadmgr.h">
      <Filter>Header Files\Utils</Filter>
    </ClInclude>
    <ClInclude Include="Utils\FlashEventHandler.h">
      <Filter>Header Files\Utils</Filter>
    </ClInclude>
    <ClInclude Include="Utils\UIDelegate.h">
      <Filter>Header Files\Utils</Filter>
    </ClInclude>
    <ClInclude Include="Utils\Utils.h">
      <Filter>Header Files\Utils</Filter>
    </ClInclude>
    <ClInclude Include="Utils\WebBrowserEventHandler.h">
      <Filter>Header Files\Utils</Filter>
    </ClInclude>
    <ClInclude Include="Utils\WinImplBase.h">
      <Filter>Header Files\Utils</Filter>
    </ClInclude>
    <ClInclude Include="Core\UIBase.h">
      <Filter>Header Files\Core</Filter>
    </ClInclude>
    <ClInclude Include="Core\UIContainer.h">
      <Filter>Header Files\Core</Filter>
    </ClInclude>
    <ClInclude Include="Core\UIControl.h">
      <Filter>Header Files\Core</Filter>
    </ClInclude>
    <ClInclude Include="Core\UIDefine.h">
      <Filter>Header Files\Core</Filter>
    </ClInclude>
    <ClInclude Include="Core\UIDlgBuilder.h">
      <Filter>Header Files\Core</Filter>
    </ClInclude>
    <ClInclude Include="Core\UIManager.h">
      <Filter>Header Files\Core</Filter>
    </ClInclude>
    <ClInclude Include="Core\UIMarkup.h">
      <Filter>Header Files\Core</Filter>
    </ClInclude>
    <ClInclude Include="Core\UIRender.h">
      <Filter>Header Files\Core</Filter>
    </ClInclude>
    <ClInclude Include="Layout\UIChildLayout.h">
      <Filter>Header Files\Layout</Filter>
    </ClInclude>
    <ClInclude Include="Layout\UIHorizontalLayout.h">
      <Filter>Header Files\Layout</Filter>
    </ClInclude>
    <ClInclude Include="Layout\UITabLayout.h">
      <Filter>Header Files\Layout</Filter>
    </ClInclude>
    <ClInclude Include="Layout\UITileLayout.h">
      <Filter>Header Files\Layout</Filter>
    </ClInclude>
    <ClInclude Include="Layout\UIVerticalLayout.h">
      <Filter>Header Files\Layout</Filter>
    </ClInclude>
    <ClInclude Include="Control\UIActiveX.h">
      <Filter>Header Files\Control</Filter>
    </ClInclude>
    <ClInclude Include="Control\UIButton.h">
      <Filter>Header Files\Control</Filter>
    </ClInclude>
    <ClInclude Include="Control\UICheckBox.h">
      <Filter>Header Files\Control</Filter>
    </ClInclude>
    <ClInclude Include="Control\UICombo.h">
      <Filter>Header Files\Control</Filter>
    </ClInclude>
    <ClInclude Include="Control\UIComboBox.h">
      <Filter>Header Files\Control</Filter>
    </ClInclude>
    <ClInclude Include="Control\UIDateTime.h">
      <Filter>Header Files\Control</Filter>
    </ClInclude>
    <ClInclude Include="Control\UIEdit.h">
      <Filter>Header Files\Control</Filter>
    </ClInclude>
    <ClInclude Include="Control\UILabel.h">
      <Filter>Header Files\Control</Filter>
    </ClInclude>
    <ClInclude Include="Control\UIList.h">
      <Filter>Header Files\Control</Filter>
    </ClInclude>
    <ClInclude Include="Control\UIOption.h">
      <Filter>Header Files\Control</Filter>
    </ClInclude>
    <ClInclude Include="Control\UIProgress.h">
      <Filter>Header Files\Control</Filter>
    </ClInclude>
    <ClInclude Include="Control\UIRichEdit.h">
      <Filter>Header Files\Control</Filter>
    </ClInclude>
    <ClInclude Include="Control\UIScrollBar.h">
      <Filter>Header Files\Control</Filter>
    </ClInclude>
    <ClInclude Include="Control\UISlider.h">
      <Filter>Header Files\Control</Filter>
    </ClInclude>
    <ClInclude Include="Control\UIText.h">
      <Filter>Header Files\Control</Filter>
    </ClInclude>
    <ClInclude Include="Control\UITreeView.h">
      <Filter>Header Files\Control</Filter>
    </ClInclude>
    <ClInclude Include="Control\UIWebBrowser.h">
      <Filter>Header Files\Control</Filter>
    </ClInclude>
  </ItemGroup>
</Project>